// !$*UTF8*$!
{
	archiveVersion = 1;
	classes = {
	};
	objectVersion = 46;
	objects = {

/* Begin PBXBuildFile section */
		4997482A1DF48F5400738610 /* AppDelegate.swift in Sources */ = {isa = PBXBuildFile; fileRef = 499748291DF48F5400738610 /* AppDelegate.swift */; };
		4997482C1DF48F5400738610 /* ViewController.swift in Sources */ = {isa = PBXBuildFile; fileRef = 4997482B1DF48F5400738610 /* ViewController.swift */; };
		4997482F1DF48F5400738610 /* Main.storyboard in Resources */ = {isa = PBXBuildFile; fileRef = 4997482D1DF48F5400738610 /* Main.storyboard */; };
		499748321DF48F5400738610 /* WorldTrotter.xcdatamodeld in Sources */ = {isa = PBXBuildFile; fileRef = 499748301DF48F5400738610 /* WorldTrotter.xcdatamodeld */; };
		499748341DF48F5400738610 /* Assets.xcassets in Resources */ = {isa = PBXBuildFile; fileRef = 499748331DF48F5400738610 /* Assets.xcassets */; };
		499748371DF48F5400738610 /* LaunchScreen.storyboard in Resources */ = {isa = PBXBuildFile; fileRef = 499748351DF48F5400738610 /* LaunchScreen.storyboard */; };
/* End PBXBuildFile section */

/* Begin PBXFileReference section */
		499748261DF48F5400738610 /* WorldTrotter.app */ = {isa = PBXFileReference; explicitFileType = wrapper.application; includeInIndex = 0; path = WorldTrotter.app; sourceTree = BUILT_PRODUCTS_DIR; };
		499748291DF48F5400738610 /* AppDelegate.swift */ = {isa = PBXFileReference; lastKnownFileType = sourcecode.swift; path = AppDelegate.swift; sourceTree = "<group>"; };
		4997482B1DF48F5400738610 /* ViewController.swift */ = {isa = PBXFileReference; lastKnownFileType = sourcecode.swift; path = ViewController.swift; sourceTree = "<group>"; };
		4997482E1DF48F5400738610 /* Base */ = {isa = PBXFileReference; lastKnownFileType = file.storyboard; name = Base; path = Base.lproj/Main.storyboard; sourceTree = "<group>"; };
		499748311DF48F5400738610 /* WorldTrotter.xcdatamodel */ = {isa = PBXFileReference; lastKnownFileType = wrapper.xcdatamodel; path = WorldTrotter.xcdatamodel; sourceTree = "<group>"; };
		499748331DF48F5400738610 /* Assets.xcassets */ = {isa = PBXFileReference; lastKnownFileType = folder.assetcatalog; path = Assets.xcassets; sourceTree = "<group>"; };
		499748361DF48F5400738610 /* Base */ = {isa = PBXFileReference; lastKnownFileType = file.storyboard; name = Base; path = Base.lproj/LaunchScreen.storyboard; sourceTree = "<group>"; };
		499748381DF48F5400738610 /* Info.plist */ = {isa = PBXFileReference; lastKnownFileType = text.plist.xml; path = Info.plist; sourceTree = "<group>"; };
/* End PBXFileReference section */

/* Begin PBXFrameworksBuildPhase section */
		499748231DF48F5400738610 /* Frameworks */ = {
			isa = PBXFrameworksBuildPhase;
			buildActionMask = 2147483647;
			files = (
			);
			runOnlyForDeploymentPostprocessing = 0;
		};
/* End PBXFrameworksBuildPhase section */

/* Begin PBXGroup section */
		4997481D1DF48F5400738610 = {
			isa = PBXGroup;
			children = (
				499748281DF48F5400738610 /* WorldTrotter */,
				499748271DF48F5400738610 /* Products */,
			);
			sourceTree = "<group>";
		};
		499748271DF48F5400738610 /* Products */ = {
			isa = PBXGroup;
			children = (
				499748261DF48F5400738610 /* WorldTrotter.app */,
			);
			name = Products;
			sourceTree = "<group>";
		};
		499748281DF48F5400738610 /* WorldTrotter */ = {
			isa = PBXGroup;
			children = (
				499748291DF48F5400738610 /* AppDelegate.swift */,
				4997482B1DF48F5400738610 /* ViewController.swift */,
				4997482D1DF48F5400738610 /* Main.storyboard */,
				499748331DF48F5400738610 /* Assets.xcassets */,
				499748351DF48F5400738610 /* LaunchScreen.storyboard */,
				499748381DF48F5400738610 /* Info.plist */,
				499748301DF48F5400738610 /* WorldTrotter.xcdatamodeld */,
			);
			path = WorldTrotter;
			sourceTree = "<group>";
		};
/* End PBXGroup section */

/* Begin PBXNativeTarget section */
		499748251DF48F5400738610 /* WorldTrotter */ = {
			isa = PBXNativeTarget;
			buildConfigurationList = 4997483B1DF48F5400738610 /* Build configuration list for PBXNativeTarget "WorldTrotter" */;
			buildPhases = (
				499748221DF48F5400738610 /* Sources */,
				499748231DF48F5400738610 /* Frameworks */,
				499748241DF48F5400738610 /* Resources */,
			);
			buildRules = (
			);
			dependencies = (
			);
			name = WorldTrotter;
			productName = WorldTrotter;
			productReference = 499748261DF48F5400738610 /* WorldTrotter.app */;
			productType = "com.apple.product-type.application";
		};
/* End PBXNativeTarget section */

/* Begin PBXProject section */
		4997481E1DF48F5400738610 /* Project object */ = {
			isa = PBXProject;
			attributes = {
				LastSwiftUpdateCheck = 0810;
				LastUpgradeCheck = 0810;
				ORGANIZATIONNAME = "Derrick Ward";
				TargetAttributes = {
					499748251DF48F5400738610 = {
						CreatedOnToolsVersion = 8.1;
						DevelopmentTeam = JM28632DFW;
						ProvisioningStyle = Automatic;
					};
				};
			};
			buildConfigurationList = 499748211DF48F5400738610 /* Build configuration list for PBXProject "WorldTrotter" */;
			compatibilityVersion = "Xcode 3.2";
			developmentRegion = English;
			hasScannedForEncodings = 0;
			knownRegions = (
				en,
				Base,
			);
			mainGroup = 4997481D1DF48F5400738610;
			productRefGroup = 499748271DF48F5400738610 /* Products */;
			projectDirPath = "";
			projectRoot = "";
			targets = (
				499748251DF48F5400738610 /* WorldTrotter */,
			);
		};
/* End PBXProject section */

/* Begin PBXResourcesBuildPhase section */
		499748241DF48F5400738610 /* Resources */ = {
			isa = PBXResourcesBuildPhase;
			buildActionMask = 2147483647;
			files = (
				499748371DF48F5400738610 /* LaunchScreen.storyboard in Resources */,
				499748341DF48F5400738610 /* Assets.xcassets in Resources */,
				4997482F1DF48F5400738610 /* Main.storyboard in Resources */,
			);
			runOnlyForDeploymentPostprocessing = 0;
		};
/* End PBXResourcesBuildPhase section */

/* Begin PBXSourcesBuildPhase section */
		499748221DF48F5400738610 /* Sources */ = {
			isa = PBXSourcesBuildPhase;
			buildActionMask = 2147483647;
			files = (
				4997482C1DF48F5400738610 /* ViewController.swift in Sources */,
				4997482A1DF48F5400738610 /* AppDelegate.swift in Sources */,
				499748321DF48F5400738610 /* WorldTrotter.xcdatamodeld in Sources */,
			);
			runOnlyForDeploymentPostprocessing = 0;
		};
/* End PBXSourcesBuildPhase section */

/* Begin PBXVariantGroup section */
		4997482D1DF48F5400738610 /* Main.storyboard */ = {
			isa = PBXVariantGroup;
			children = (
				4997482E1DF48F5400738610 /* Base */,
			);
			name = Main.storyboard;
			sourceTree = "<group>";
		};
		499748351DF48F5400738610 /* LaunchScreen.storyboard */ = {
			isa = PBXVariantGroup;
			children = (
				499748361DF48F5400738610 /* Base */,
			);
			name = LaunchScreen.storyboard;
			sourceTree = "<group>";
		};
/* End PBXVariantGroup section */

/* Begin XCBuildConfiguration section */
		499748391DF48F5400738610 /* Debug */ = {
			isa = XCBuildConfiguration;
			buildSettings = {
				ALWAYS_SEARCH_USER_PATHS = NO;
				CLANG_ANALYZER_NONNULL = YES;
				CLANG_CXX_LANGUAGE_STANDARD = "gnu++0x";
				CLANG_CXX_LIBRARY = "libc++";
				CLANG_ENABLE_MODULES = YES;
				CLANG_ENABLE_OBJC_ARC = YES;
				CLANG_WARN_BOOL_CONVERSION = YES;
				CLANG_WARN_CONSTANT_CONVERSION = YES;
				CLANG_WARN_DIRECT_OBJC_ISA_USAGE = YES_ERROR;
				CLANG_WARN_DOCUMENTATION_COMMENTS = YES;
				CLANG_WARN_EMPTY_BODY = YES;
				CLANG_WARN_ENUM_CONVERSION = YES;
				CLANG_WARN_INFINITE_RECURSION = YES;
				CLANG_WARN_INT_CONVERSION = YES;
				CLANG_WARN_OBJC_ROOT_CLASS = YES_ERROR;
				CLANG_WARN_SUSPICIOUS_MOVES = YES;
				CLANG_WARN_UNREACHABLE_CODE = YES;
				CLANG_WARN__DUPLICATE_METHOD_MATCH = YES;
				"CODE_SIGN_IDENTITY[sdk=iphoneos*]" = "iPhone Developer";
				COPY_PHASE_STRIP = NO;
				DEBUG_INFORMATION_FORMAT = dwarf;
				ENABLE_STRICT_OBJC_MSGSEND = YES;
				ENABLE_TESTABILITY = YES;
				GCC_C_LANGUAGE_STANDARD = gnu99;
				GCC_DYNAMIC_NO_PIC = NO;
				GCC_NO_COMMON_BLOCKS = YES;
				GCC_OPTIMIZATION_LEVEL = 0;
				GCC_PREPROCESSOR_DEFINITIONS = (
					"DEBUG=1",
					"$(inherited)",
				);
				GCC_WARN_64_TO_32_BIT_CONVERSION = YES;
				GCC_WARN_ABOUT_RETURN_TYPE = YES_ERROR;
				GCC_WARN_UNDECLARED_SELECTOR = YES;
				GCC_WARN_UNINITIALIZED_AUTOS = YES_AGGRESSIVE;
				GCC_WARN_UNUSED_FUNCTION = YES;
				GCC_WARN_UNUSED_VARIABLE = YES;
				IPHONEOS_DEPLOYMENT_TARGET = 10.1;
				MTL_ENABLE_DEBUG_INFO = YES;
				ONLY_ACTIVE_ARCH = YES;
				SDKROOT = iphoneos;
				SWIFT_ACTIVE_COMPILATION_CONDITIONS = DEBUG;
				SWIFT_OPTIMIZATION_LEVEL = "-Onone";
			};
			name = Debug;
		};
		4997483A1DF48F5400738610 /* Release */ = {
			isa = XCBuildConfiguration;
			buildSettings = {
				ALWAYS_SEARCH_USER_PATHS = NO;
				CLANG_ANALYZER_NONNULL = YES;
				CLANG_CXX_LANGUAGE_STANDARD = "gnu++0x";
				CLANG_CXX_LIBRARY = "libc++";
				CLANG_ENABLE_MODULES = YES;
				CLANG_ENABLE_OBJC_ARC = YES;
				CLANG_WARN_BOOL_CONVERSION = YES;
				CLANG_WARN_CONSTANT_CONVERSION = YES;
				CLANG_WARN_DIRECT_OBJC_ISA_USAGE = YES_ERROR;
				CLANG_WARN_DOCUMENTATION_COMMENTS = YES;
				CLANG_WARN_EMPTY_BODY = YES;
				CLANG_WARN_ENUM_CONVERSION = YES;
				CLANG_WARN_INFINITE_RECURSION = YES;
				CLANG_WARN_INT_CONVERSION = YES;
				CLANG_WARN_OBJC_ROOT_CLASS = YES_ERROR;
				CLANG_WARN_SUSPICIOUS_MOVES = YES;
				CLANG_WARN_UNREACHABLE_CODE = YES;
				CLANG_WARN__DUPLICATE_METHOD_MATCH = YES;
				"CODE_SIGN_IDENTITY[sdk=iphoneos*]" = "iPhone Developer";
				COPY_PHASE_STRIP = NO;
				DEBUG_INFORMATION_FORMAT = "dwarf-with-dsym";
				ENABLE_NS_ASSERTIONS = NO;
				ENABLE_STRICT_OBJC_MSGSEND = YES;
				GCC_C_LANGUAGE_STANDARD = gnu99;
				GCC_NO_COMMON_BLOCKS = YES;
				GCC_WARN_64_TO_32_BIT_CONVERSION = YES;
				GCC_WARN_ABOUT_RETURN_TYPE = YES_ERROR;
				GCC_WARN_UNDECLARED_SELECTOR = YES;
				GCC_WARN_UNINITIALIZED_AUTOS = YES_AGGRESSIVE;
				GCC_WARN_UNUSED_FUNCTION = YES;
				GCC_WARN_UNUSED_VARIABLE = YES;
				IPHONEOS_DEPLOYMENT_TARGET = 10.1;
				MTL_ENABLE_DEBUG_INFO = NO;
				SDKROOT = iphoneos;
				SWIFT_OPTIMIZATION_LEVEL = "-Owholemodule";
				VALIDATE_PRODUCT = YES;
			};
			name = Release;
		};
		4997483C1DF48F5400738610 /* Debug */ = {
			isa = XCBuildConfiguration;
			buildSettings = {
				ASSETCATALOG_COMPILER_APPICON_NAME = AppIcon;
				DEVELOPMENT_TEAM = JM28632DFW;
				INFOPLIST_FILE = WorldTrotter/Info.plist;
				LD_RUNPATH_SEARCH_PATHS = "$(inherited) @executable_path/Frameworks";
				PRODUCT_BUNDLE_IDENTIFIER = USA.Bajan.Vincy.Derrick.WorldTrotter;
				PRODUCT_NAME = "$(TARGET_NAME)";
				SWIFT_VERSION = 3.0;
			};
			name = Debug;
		};
		4997483D1DF48F5400738610 /* Release */ = {
			isa = XCBuildConfiguration;
			buildSettings = {
				ASSETCATALOG_COMPILER_APPICON_NAME = AppIcon;
				DEVELOPMENT_TEAM = JM28632DFW;
				INFOPLIST_FILE = WorldTrotter/Info.plist;
				LD_RUNPATH_SEARCH_PATHS = "$(inherited) @executable_path/Frameworks";
				PRODUCT_BUNDLE_IDENTIFIER = USA.Bajan.Vincy.Derrick.WorldTrotter;
				PRODUCT_NAME = "$(TARGET_NAME)";
				SWIFT_VERSION = 3.0;
			};
			name = Release;
		};
/* End XCBuildConfiguration section */

/* Begin XCConfigurationList section */
		499748211DF48F5400738610 /* Build configuration list for PBXProject "WorldTrotter" */ = {
			isa = XCConfigurationList;
			buildConfigurations = (
				499748391DF48F5400738610 /* Debug */,
				4997483A1DF48F5400738610 /* Release */,
			);
			defaultConfigurationIsVisible = 0;
			defaultConfigurationName = Release;
		};
		4997483B1DF48F5400738610 /* Build configuration list for PBXNativeTarget "WorldTrotter" */ = {
			isa = XCConfigurationList;
			buildConfigurations = (
				4997483C1DF48F5400738610 /* Debug */,
				4997483D1DF48F5400738610 /* Release */,
			);
			defaultConfigurationIsVisible = 0;
		};
/* End XCConfigurationList section */

/* Begin XCVersionGroup section */
		499748301DF48F5400738610 /* WorldTrotter.xcdatamodeld */ = {
			isa = XCVersionGroup;
			children = (
				499748311DF48F5400738610 /* WorldTrotter.xcdatamodel */,
			);
			currentVersion = 499748311DF48F5400738610 /* WorldTrotter.xcdatamodel */;
			path = WorldTrotter.xcdatamodeld;
			sourceTree = "<group>";
			versionGroupType = wrapper.xcdatamodel;
		};
/* End XCVersionGroup section */
	};
	rootObject = 4997481E1DF48F5400738610 /* Project object */;
}
